
Microsoft Visual Studio Solution File, Format Version 12.00
# Visual Studio 15
Project("{FAE04EC0-301F-11D3-BF4B-00C04F79EFBC}") = "AASample.iOS", "AASample.iOS\AASample.iOS.csproj", "{9A38D8F9-4CEE-434A-A364-58391B585B6E}"
EndProject
Project("{FAE04EC0-301F-11D3-BF4B-00C04F79EFBC}") = "AASample", "AASample\AASample.csproj", "{588895F3-0F5B-455E-A29D-91D5D4AFA7F8}"
EndProject
Global
	GlobalSection(SolutionConfigurationPlatforms) = preSolution
		Debug|iPhoneSimulator = Debug|iPhoneSimulator
		Release|iPhoneSimulator = Release|iPhoneSimulator
		Debug|iPhone = Debug|iPhone
		Release|iPhone = Release|iPhone
		Debug|Any CPU = Debug|Any CPU
		Release|Any CPU = Release|Any CPU
	EndGlobalSection
	GlobalSection(ProjectConfigurationPlatforms) = postSolution
		{9A38D8F9-4CEE-434A-A364-58391B585B6E}.Debug|iPhoneSimulator.ActiveCfg = Debug|iPhoneSimulator
		{9A38D8F9-4CEE-434A-A364-58391B585B6E}.Debug|iPhoneSimulator.Build.0 = Debug|iPhoneSimulator
		{9A38D8F9-4CEE-434A-A364-58391B585B6E}.Release|iPhoneSimulator.ActiveCfg = Release|iPhoneSimulator
		{9A38D8F9-4CEE-434A-A364-58391B585B6E}.Release|iPhoneSimulator.Build.0 = Release|iPhoneSimulator
		{9A38D8F9-4CEE-434A-A364-58391B585B6E}.Debug|iPhone.ActiveCfg = Debug|iPhone
		{9A38D8F9-4CEE-434A-A364-58391B585B6E}.Debug|iPhone.Build.0 = Debug|iPhone
		{9A38D8F9-4CEE-434A-A364-58391B585B6E}.Release|iPhone.ActiveCfg = Release|iPhone
		{9A38D8F9-4CEE-434A-A364-58391B585B6E}.Release|iPhone.Build.0 = Release|iPhone
		{9A38D8F9-4CEE-434A-A364-58391B585B6E}.Debug|Any CPU.ActiveCfg = Debug|iPhoneSimulator
		{9A38D8F9-4CEE-434A-A364-58391B585B6E}.Debug|Any CPU.Build.0 = Debug|iPhoneSimulator
		{9A38D8F9-4CEE-434A-A364-58391B585B6E}.Release|Any CPU.ActiveCfg = Release|iPhoneSimulator
		{9A38D8F9-4CEE-434A-A364-58391B585B6E}.Release|Any CPU.Build.0 = Release|iPhoneSimulator
		{588895F3-0F5B-455E-A29D-91D5D4AFA7F8}.Debug|iPhoneSimulator.ActiveCfg = Debug|Any CPU
		{588895F3-0F5B-455E-A29D-91D5D4AFA7F8}.Debug|iPhoneSimulator.Build.0 = Debug|Any CPU
		{588895F3-0F5B-455E-A29D-91D5D4AFA7F8}.Release|iPhoneSimulator.ActiveCfg = Release|Any CPU
		{588895F3-0F5B-455E-A29D-91D5D4AFA7F8}.Release|iPhoneSimulator.Build.0 = Release|Any CPU
		{588895F3-0F5B-455E-A29D-91D5D4AFA7F8}.Debug|iPhone.ActiveCfg = Debug|Any CPU
		{588895F3-0F5B-455E-A29D-91D5D4AFA7F8}.Debug|iPhone.Build.0 = Debug|Any CPU
		{588895F3-0F5B-455E-A29D-91D5D4AFA7F8}.Release|iPhone.ActiveCfg = Release|Any CPU
		{588895F3-0F5B-455E-A29D-91D5D4AFA7F8}.Release|iPhone.Build.0 = Release|Any CPU
		{588895F3-0F5B-455E-A29D-91D5D4AFA7F8}.Debug|Any CPU.ActiveCfg = Debug|Any CPU
		{588895F3-0F5B-455E-A29D-91D5D4AFA7F8}.Debug|Any CPU.Build.0 = Debug|Any CPU
		{588895F3-0F5B-455E-A29D-91D5D4AFA7F8}.Release|Any CPU.ActiveCfg = Release|Any CPU
		{588895F3-0F5B-455E-A29D-91D5D4AFA7F8}.Release|Any CPU.Build.0 = Release|Any CPU
	EndGlobalSection
EndGlobal
